{
  "name": "test",
  "version": "1.0.0",
  "lockfileVersion": 1,
  "requires": true,
  "dependencies": {
    "hashids": {
      "version": "2.2.0",
      "resolved": "https://registry.npmjs.org/hashids/-/hashids-2.2.0.tgz",
      "integrity": "sha512-l2E88aM4Bktb/B+6UUO9XBx+sXOfcYVY8KCoZxgXXqilVWZuI19Q77G6iMUs+KwJFSQBBlBWvUWJdzMbl9/GsQ=="
    }
  }
}
